
Microsoft Visual Studio Solution File, Format Version 12.00
# Visual Studio 15
VisualStudioVersion = 15.0.28307.1145
MinimumVisualStudioVersion = 10.0.40219.1
Project("{FAE04EC0-301F-11D3-BF4B-00C04F79EFBC}") = "MicController", "MicController\MicController.csproj", "{4FA10A9D-9C40-4FE9-9348-40BD77447CDE}"
EndProject
Global
	GlobalSection(SolutionConfigurationPlatforms) = preSolution
		Debug|Any CPU = Debug|Any CPU
		Release|Any CPU = Release|Any CPU
	EndGlobalSection
	GlobalSection(ProjectConfigurationPlatforms) = postSolution
		{4FA10A9D-9C40-4FE9-9348-40BD77447CDE}.Debug|Any CPU.ActiveCfg = Debug|Any CPU
		{4FA10A9D-9C40-4FE9-9348-40BD77447CDE}.Debug|Any CPU.Build.0 = Debug|Any CPU
		{4FA10A9D-9C40-4FE9-9348-40BD77447CDE}.Release|Any CPU.ActiveCfg = Release|Any CPU
		{4FA10A9D-9C40-4FE9-9348-40BD77447CDE}.Release|Any CPU.Build.0 = Release|Any CPU
	EndGlobalSection
	GlobalSection(SolutionProperties) = preSolution
		HideSolutionNode = FALSE
	EndGlobalSection
	GlobalSection(ExtensibilityGlobals) = postSolution
		SolutionGuid = {A734AC58-C141-4F79-BB7B-3F58514D0D69}
	EndGlobalSection
EndGlobal
